<?xml version="1.0" encoding="UTF-8"?>
<Project ToolsVersion="14.0" xmlns="http://schemas.microsoft.com/developer/msbuild/2003">
  <ItemGroup>
    <ClCompile Include="D:\vs2015\workspace\learn\sdl_learn\03sdl_learn\test.cpp">
      <Filter>Source Files</Filter>
    </ClCompile>
  </ItemGroup>
  <ItemGroup>
    <CustomBuild Include="D:\vs2015\workspace\learn\sdl_learn\03sdl_learn\CMakeLists.txt" />
  </ItemGroup>
  <ItemGroup>
    <Filter Include="Source Files">
      <UniqueIdentifier>{A5781C28-7A34-314F-8999-F438A21123BE}</UniqueIdentifier>
    </Filter>
  </ItemGroup>
</Project>
