Microsoft Visual Studio Solution File, Format Version 12.00
# Visual Studio 14
Project("{8BC9CEB8-8B4A-11D0-8D11-00A0C91BC942}") = "ALL_BUILD", "ALL_BUILD.vcxproj", "{BDFB18AA-A980-3248-B3B2-0CB42B7D5573}"
	ProjectSection(ProjectDependencies) = postProject
		{F490E104-008F-3B64-971F-40590ED9401A} = {F490E104-008F-3B64-971F-40590ED9401A}
		{B6A4BB29-D6B7-3950-8B15-CB33632DE275} = {B6A4BB29-D6B7-3950-8B15-CB33632DE275}
	EndProjectSection
EndProject
Project("{8BC9CEB8-8B4A-11D0-8D11-00A0C91BC942}") = "01sdl_learn", "01sdl_learn.vcxproj", "{F490E104-008F-3B64-971F-40590ED9401A}"
	ProjectSection(ProjectDependencies) = postProject
		{B6A4BB29-D6B7-3950-8B15-CB33632DE275} = {B6A4BB29-D6B7-3950-8B15-CB33632DE275}
	EndProjectSection
EndProject
Project("{8BC9CEB8-8B4A-11D0-8D11-00A0C91BC942}") = "ZERO_CHECK", "..\\ZERO_CHECK.vcxproj", "{B6A4BB29-D6B7-3950-8B15-CB33632DE275}"
	ProjectSection(ProjectDependencies) = postProject
	EndProjectSection
EndProject
Global
	GlobalSection(SolutionConfigurationPlatforms) = preSolution
		Debug|Win32 = Debug|Win32
		Release|Win32 = Release|Win32
	EndGlobalSection
	GlobalSection(ProjectConfigurationPlatforms) = postSolution
		{BDFB18AA-A980-3248-B3B2-0CB42B7D5573}.Debug|Win32.ActiveCfg = Debug|Win32
		{BDFB18AA-A980-3248-B3B2-0CB42B7D5573}.Release|Win32.ActiveCfg = Release|Win32
		{F490E104-008F-3B64-971F-40590ED9401A}.Debug|Win32.ActiveCfg = Debug|Win32
		{F490E104-008F-3B64-971F-40590ED9401A}.Debug|Win32.Build.0 = Debug|Win32
		{F490E104-008F-3B64-971F-40590ED9401A}.Release|Win32.ActiveCfg = Release|Win32
		{F490E104-008F-3B64-971F-40590ED9401A}.Release|Win32.Build.0 = Release|Win32
		{B6A4BB29-D6B7-3950-8B15-CB33632DE275}.Debug|Win32.ActiveCfg = Debug|Win32
		{B6A4BB29-D6B7-3950-8B15-CB33632DE275}.Debug|Win32.Build.0 = Debug|Win32
		{B6A4BB29-D6B7-3950-8B15-CB33632DE275}.Release|Win32.ActiveCfg = Release|Win32
		{B6A4BB29-D6B7-3950-8B15-CB33632DE275}.Release|Win32.Build.0 = Release|Win32
	EndGlobalSection
	GlobalSection(ExtensibilityGlobals) = postSolution
		SolutionGuid = {2F31763C-CE17-3EC2-903E-91254BEC7DC1}
	EndGlobalSection
	GlobalSection(ExtensibilityAddIns) = postSolution
	EndGlobalSection
EndGlobal
