Microsoft Visual Studio Solution File, Format Version 12.00
# Visual Studio 14
Project("{8BC9CEB8-8B4A-11D0-8D11-00A0C91BC942}") = "ALL_BUILD", "ALL_BUILD.vcxproj", "{BDFB18AA-A980-3248-B3B2-0CB42B7D5573}"
	ProjectSection(ProjectDependencies) = postProject
		{C9793318-A6D0-307D-B002-361B79483AB9} = {C9793318-A6D0-307D-B002-361B79483AB9}
		{B6A4BB29-D6B7-3950-8B15-CB33632DE275} = {B6A4BB29-D6B7-3950-8B15-CB33632DE275}
	EndProjectSection
EndProject
Project("{8BC9CEB8-8B4A-11D0-8D11-00A0C91BC942}") = "02sdl_learn", "02sdl_learn.vcxproj", "{C9793318-A6D0-307D-B002-361B79483AB9}"
	ProjectSection(ProjectDependencies) = postProject
		{B6A4BB29-D6B7-3950-8B15-CB33632DE275} = {B6A4BB29-D6B7-3950-8B15-CB33632DE275}
	EndProjectSection
EndProject
Project("{8BC9CEB8-8B4A-11D0-8D11-00A0C91BC942}") = "ZERO_CHECK", "..\\ZERO_CHECK.vcxproj", "{B6A4BB29-D6B7-3950-8B15-CB33632DE275}"
	ProjectSection(ProjectDependencies) = postProject
	EndProjectSection
EndProject
Global
	GlobalSection(SolutionConfigurationPlatforms) = preSolution
		Debug|Win32 = Debug|Win32
		Release|Win32 = Release|Win32
	EndGlobalSection
	GlobalSection(ProjectConfigurationPlatforms) = postSolution
		{BDFB18AA-A980-3248-B3B2-0CB42B7D5573}.Debug|Win32.ActiveCfg = Debug|Win32
		{BDFB18AA-A980-3248-B3B2-0CB42B7D5573}.Release|Win32.ActiveCfg = Release|Win32
		{C9793318-A6D0-307D-B002-361B79483AB9}.Debug|Win32.ActiveCfg = Debug|Win32
		{C9793318-A6D0-307D-B002-361B79483AB9}.Debug|Win32.Build.0 = Debug|Win32
		{C9793318-A6D0-307D-B002-361B79483AB9}.Release|Win32.ActiveCfg = Release|Win32
		{C9793318-A6D0-307D-B002-361B79483AB9}.Release|Win32.Build.0 = Release|Win32
		{B6A4BB29-D6B7-3950-8B15-CB33632DE275}.Debug|Win32.ActiveCfg = Debug|Win32
		{B6A4BB29-D6B7-3950-8B15-CB33632DE275}.Debug|Win32.Build.0 = Debug|Win32
		{B6A4BB29-D6B7-3950-8B15-CB33632DE275}.Release|Win32.ActiveCfg = Release|Win32
		{B6A4BB29-D6B7-3950-8B15-CB33632DE275}.Release|Win32.Build.0 = Release|Win32
	EndGlobalSection
	GlobalSection(ExtensibilityGlobals) = postSolution
		SolutionGuid = {A1DB58A8-3999-3A84-9A7F-79809EE56006}
	EndGlobalSection
	GlobalSection(ExtensibilityAddIns) = postSolution
	EndGlobalSection
EndGlobal
